
Microsoft Visual Studio Solution File, Format Version 12.00
# Visual Studio 15
VisualStudioVersion = 15.0.27130.2010
MinimumVisualStudioVersion = 10.0.40219.1
Project("{9A19103F-16F7-4668-BE54-9A1E7A4F7556}") = "Minesweeper.Core", "Minesweeper.Core\Minesweeper.Core.csproj", "{511959F6-1F81-4B49-9602-8613E3B61564}"
EndProject
Project("{2150E333-8FDC-42A3-9474-1A3956D46DE8}") = "UI", "UI", "{13B9C705-1A53-4671-BC8B-84692A5F6B12}"
EndProject
Project("{FAE04EC0-301F-11D3-BF4B-00C04F79EFBC}") = "Minesweeper.WPF", "UI\Minesweeper.WPF\Minesweeper.WPF.csproj", "{50679FEF-B512-4078-A2EE-D829351148E1}"
EndProject
Project("{FAE04EC0-301F-11D3-BF4B-00C04F79EFBC}") = "Minesweeper.Console", "UI\Minesweeper.Console\Minesweeper.Console.csproj", "{C8E15AE7-2B5F-43D2-B875-4C7998A24D40}"
EndProject
Project("{2150E333-8FDC-42A3-9474-1A3956D46DE8}") = "Solution Items", "Solution Items", "{A1F70BF6-4450-407A-84F0-0294165948D1}"
	ProjectSection(SolutionItems) = preProject
		README.md = README.md
	EndProjectSection
EndProject
Global
	GlobalSection(SolutionConfigurationPlatforms) = preSolution
		Debug|Any CPU = Debug|Any CPU
		Release|Any CPU = Release|Any CPU
	EndGlobalSection
	GlobalSection(ProjectConfigurationPlatforms) = postSolution
		{511959F6-1F81-4B49-9602-8613E3B61564}.Debug|Any CPU.ActiveCfg = Debug|Any CPU
		{511959F6-1F81-4B49-9602-8613E3B61564}.Debug|Any CPU.Build.0 = Debug|Any CPU
		{511959F6-1F81-4B49-9602-8613E3B61564}.Release|Any CPU.ActiveCfg = Release|Any CPU
		{511959F6-1F81-4B49-9602-8613E3B61564}.Release|Any CPU.Build.0 = Release|Any CPU
		{50679FEF-B512-4078-A2EE-D829351148E1}.Debug|Any CPU.ActiveCfg = Debug|Any CPU
		{50679FEF-B512-4078-A2EE-D829351148E1}.Debug|Any CPU.Build.0 = Debug|Any CPU
		{50679FEF-B512-4078-A2EE-D829351148E1}.Release|Any CPU.ActiveCfg = Release|Any CPU
		{50679FEF-B512-4078-A2EE-D829351148E1}.Release|Any CPU.Build.0 = Release|Any CPU
		{C8E15AE7-2B5F-43D2-B875-4C7998A24D40}.Debug|Any CPU.ActiveCfg = Debug|Any CPU
		{C8E15AE7-2B5F-43D2-B875-4C7998A24D40}.Debug|Any CPU.Build.0 = Debug|Any CPU
		{C8E15AE7-2B5F-43D2-B875-4C7998A24D40}.Release|Any CPU.ActiveCfg = Release|Any CPU
		{C8E15AE7-2B5F-43D2-B875-4C7998A24D40}.Release|Any CPU.Build.0 = Release|Any CPU
	EndGlobalSection
	GlobalSection(SolutionProperties) = preSolution
		HideSolutionNode = FALSE
	EndGlobalSection
	GlobalSection(NestedProjects) = preSolution
		{50679FEF-B512-4078-A2EE-D829351148E1} = {13B9C705-1A53-4671-BC8B-84692A5F6B12}
		{C8E15AE7-2B5F-43D2-B875-4C7998A24D40} = {13B9C705-1A53-4671-BC8B-84692A5F6B12}
	EndGlobalSection
	GlobalSection(ExtensibilityGlobals) = postSolution
		SolutionGuid = {32B69D9F-FCA6-4DB1-93D6-DACA63158F61}
	EndGlobalSection
EndGlobal
