
Microsoft Visual Studio Solution File, Format Version 12.00
# Visual Studio 15
VisualStudioVersion = 15.0.27130.2010
MinimumVisualStudioVersion = 10.0.40219.1
Project("{FAE04EC0-301F-11D3-BF4B-00C04F79EFBC}") = "Minesweeper.Core", "Minesweeper.Core\Minesweeper.Core.csproj", "{511959F6-1F81-4B49-9602-8613E3B61564}"
EndProject
Global
	GlobalSection(SolutionConfigurationPlatforms) = preSolution
		Debug|Any CPU = Debug|Any CPU
		Release|Any CPU = Release|Any CPU
	EndGlobalSection
	GlobalSection(ProjectConfigurationPlatforms) = postSolution
		{511959F6-1F81-4B49-9602-8613E3B61564}.Debug|Any CPU.ActiveCfg = Debug|Any CPU
		{511959F6-1F81-4B49-9602-8613E3B61564}.Debug|Any CPU.Build.0 = Debug|Any CPU
		{511959F6-1F81-4B49-9602-8613E3B61564}.Release|Any CPU.ActiveCfg = Release|Any CPU
		{511959F6-1F81-4B49-9602-8613E3B61564}.Release|Any CPU.Build.0 = Release|Any CPU
	EndGlobalSection
	GlobalSection(SolutionProperties) = preSolution
		HideSolutionNode = FALSE
	EndGlobalSection
	GlobalSection(ExtensibilityGlobals) = postSolution
		SolutionGuid = {32B69D9F-FCA6-4DB1-93D6-DACA63158F61}
	EndGlobalSection
EndGlobal
